
Microsoft Visual Studio Solution File, Format Version 12.00
# Visual Studio Version 16
VisualStudioVersion = 16.0.31624.102
MinimumVisualStudioVersion = 10.0.40219.1
Project("{8BC9CEB8-8B4A-11D0-8D11-00A0C91BC942}") = "LinkedList", "LinkedList.vcxproj", "{BD47A0A0-9D7E-4C45-97D1-B95CEBA4CE4F}"
EndProject
Global
	GlobalSection(SolutionConfigurationPlatforms) = preSolution
		Debug|x64 = Debug|x64
		Debug|x86 = Debug|x86
		Release|x64 = Release|x64
		Release|x86 = Release|x86
	EndGlobalSection
	GlobalSection(ProjectConfigurationPlatforms) = postSolution
		{BD47A0A0-9D7E-4C45-97D1-B95CEBA4CE4F}.Debug|x64.ActiveCfg = Debug|x64
		{BD47A0A0-9D7E-4C45-97D1-B95CEBA4CE4F}.Debug|x64.Build.0 = Debug|x64
		{BD47A0A0-9D7E-4C45-97D1-B95CEBA4CE4F}.Debug|x86.ActiveCfg = Debug|Win32
		{BD47A0A0-9D7E-4C45-97D1-B95CEBA4CE4F}.Debug|x86.Build.0 = Debug|Win32
		{BD47A0A0-9D7E-4C45-97D1-B95CEBA4CE4F}.Release|x64.ActiveCfg = Release|x64
		{BD47A0A0-9D7E-4C45-97D1-B95CEBA4CE4F}.Release|x64.Build.0 = Release|x64
		{BD47A0A0-9D7E-4C45-97D1-B95CEBA4CE4F}.Release|x86.ActiveCfg = Release|Win32
		{BD47A0A0-9D7E-4C45-97D1-B95CEBA4CE4F}.Release|x86.Build.0 = Release|Win32
	EndGlobalSection
	GlobalSection(SolutionProperties) = preSolution
		HideSolutionNode = FALSE
	EndGlobalSection
	GlobalSection(ExtensibilityGlobals) = postSolution
		SolutionGuid = {8FCF36AE-6974-4EF9-8D5D-EC2CD373212B}
	EndGlobalSection
EndGlobal
